// !$*UTF8*$!
{
	archiveVersion = 1;
	classes = {
	};
	objectVersion = 46;
	objects = {

/* Begin PBXBuildFile section */
		68227EF01F690F4C0051B2FE /* main.cpp in Sources */ = {isa = PBXBuildFile; fileRef = 68227EEF1F690F4C0051B2FE /* main.cpp */; };
		68227EF81F6910870051B2FE /* netaddress.cpp in Sources */ = {isa = PBXBuildFile; fileRef = 68227EF71F6910870051B2FE /* netaddress.cpp */; };
		68E272AD1F69F33200EE34E6 /* init.cpp in Sources */ = {isa = PBXBuildFile; fileRef = 68E272AB1F69F33200EE34E6 /* init.cpp */; };
		68E272AF1F69F66900EE34E6 /* chainparams.cpp in Sources */ = {isa = PBXBuildFile; fileRef = 68E272AE1F69F66900EE34E6 /* chainparams.cpp */; };
/* End PBXBuildFile section */

/* Begin PBXCopyFilesBuildPhase section */
		68227EEA1F690F4C0051B2FE /* CopyFiles */ = {
			isa = PBXCopyFilesBuildPhase;
			buildActionMask = 2147483647;
			dstPath = /usr/share/man/man1/;
			dstSubfolderSpec = 0;
			files = (
			);
			runOnlyForDeploymentPostprocessing = 1;
		};
/* End PBXCopyFilesBuildPhase section */

/* Begin PBXFileReference section */
		68227EEC1F690F4C0051B2FE /* c++coin */ = {isa = PBXFileReference; explicitFileType = "compiled.mach-o.executable"; includeInIndex = 0; path = "c++coin"; sourceTree = BUILT_PRODUCTS_DIR; };
		68227EEF1F690F4C0051B2FE /* main.cpp */ = {isa = PBXFileReference; lastKnownFileType = sourcecode.cpp.cpp; path = main.cpp; sourceTree = "<group>"; };
		68227EF61F690F670051B2FE /* main.h */ = {isa = PBXFileReference; lastKnownFileType = sourcecode.c.h; path = main.h; sourceTree = "<group>"; };
		68227EF71F6910870051B2FE /* netaddress.cpp */ = {isa = PBXFileReference; fileEncoding = 4; lastKnownFileType = sourcecode.cpp.cpp; path = netaddress.cpp; sourceTree = "<group>"; };
		68227EF91F6910CD0051B2FE /* netaddress.h */ = {isa = PBXFileReference; lastKnownFileType = sourcecode.c.h; path = netaddress.h; sourceTree = "<group>"; };
		68E272AB1F69F33200EE34E6 /* init.cpp */ = {isa = PBXFileReference; fileEncoding = 4; lastKnownFileType = sourcecode.cpp.cpp; path = init.cpp; sourceTree = "<group>"; };
		68E272AC1F69F33200EE34E6 /* init.h */ = {isa = PBXFileReference; fileEncoding = 4; lastKnownFileType = sourcecode.c.h; path = init.h; sourceTree = "<group>"; };
		68E272AE1F69F66900EE34E6 /* chainparams.cpp */ = {isa = PBXFileReference; fileEncoding = 4; lastKnownFileType = sourcecode.cpp.cpp; path = chainparams.cpp; sourceTree = "<group>"; };
		68E272B01F69F67700EE34E6 /* chainparams.h */ = {isa = PBXFileReference; lastKnownFileType = sourcecode.c.h; path = chainparams.h; sourceTree = "<group>"; };
/* End PBXFileReference section */

/* Begin PBXFrameworksBuildPhase section */
		68227EE91F690F4C0051B2FE /* Frameworks */ = {
			isa = PBXFrameworksBuildPhase;
			buildActionMask = 2147483647;
			files = (
			);
			runOnlyForDeploymentPostprocessing = 0;
		};
/* End PBXFrameworksBuildPhase section */

/* Begin PBXGroup section */
		68227EE31F690F4C0051B2FE = {
			isa = PBXGroup;
			children = (
				68227EEE1F690F4C0051B2FE /* c++coin */,
				68227EED1F690F4C0051B2FE /* Products */,
			);
			sourceTree = "<group>";
		};
		68227EED1F690F4C0051B2FE /* Products */ = {
			isa = PBXGroup;
			children = (
				68227EEC1F690F4C0051B2FE /* c++coin */,
			);
			name = Products;
			sourceTree = "<group>";
		};
		68227EEE1F690F4C0051B2FE /* c++coin */ = {
			isa = PBXGroup;
			children = (
				68227EF91F6910CD0051B2FE /* netaddress.h */,
				68227EF71F6910870051B2FE /* netaddress.cpp */,
				68227EEF1F690F4C0051B2FE /* main.cpp */,
				68227EF61F690F670051B2FE /* main.h */,
				68E272AC1F69F33200EE34E6 /* init.h */,
				68E272AB1F69F33200EE34E6 /* init.cpp */,
				68E272B01F69F67700EE34E6 /* chainparams.h */,
				68E272AE1F69F66900EE34E6 /* chainparams.cpp */,
			);
			path = "c++coin";
			sourceTree = "<group>";
		};
/* End PBXGroup section */

/* Begin PBXNativeTarget section */
		68227EEB1F690F4C0051B2FE /* c++coin */ = {
			isa = PBXNativeTarget;
			buildConfigurationList = 68227EF31F690F4C0051B2FE /* Build configuration list for PBXNativeTarget "c++coin" */;
			buildPhases = (
				68227EE81F690F4C0051B2FE /* Sources */,
				68227EE91F690F4C0051B2FE /* Frameworks */,
				68227EEA1F690F4C0051B2FE /* CopyFiles */,
			);
			buildRules = (
			);
			dependencies = (
			);
			name = "c++coin";
			productName = "c++coin";
			productReference = 68227EEC1F690F4C0051B2FE /* c++coin */;
			productType = "com.apple.product-type.tool";
		};
/* End PBXNativeTarget section */

/* Begin PBXProject section */
		68227EE41F690F4C0051B2FE /* Project object */ = {
			isa = PBXProject;
			attributes = {
				LastUpgradeCheck = 0830;
				ORGANIZATIONNAME = NandN;
				TargetAttributes = {
					68227EEB1F690F4C0051B2FE = {
						CreatedOnToolsVersion = 8.3.3;
						ProvisioningStyle = Automatic;
					};
				};
			};
			buildConfigurationList = 68227EE71F690F4C0051B2FE /* Build configuration list for PBXProject "c++coin" */;
			compatibilityVersion = "Xcode 3.2";
			developmentRegion = English;
			hasScannedForEncodings = 0;
			knownRegions = (
				en,
			);
			mainGroup = 68227EE31F690F4C0051B2FE;
			productRefGroup = 68227EED1F690F4C0051B2FE /* Products */;
			projectDirPath = "";
			projectRoot = "";
			targets = (
				68227EEB1F690F4C0051B2FE /* c++coin */,
			);
		};
/* End PBXProject section */

/* Begin PBXSourcesBuildPhase section */
		68227EE81F690F4C0051B2FE /* Sources */ = {
			isa = PBXSourcesBuildPhase;
			buildActionMask = 2147483647;
			files = (
				68227EF81F6910870051B2FE /* netaddress.cpp in Sources */,
				68227EF01F690F4C0051B2FE /* main.cpp in Sources */,
				68E272AD1F69F33200EE34E6 /* init.cpp in Sources */,
				68E272AF1F69F66900EE34E6 /* chainparams.cpp in Sources */,
			);
			runOnlyForDeploymentPostprocessing = 0;
		};
/* End PBXSourcesBuildPhase section */

/* Begin XCBuildConfiguration section */
		68227EF11F690F4C0051B2FE /* Debug */ = {
			isa = XCBuildConfiguration;
			buildSettings = {
				ALWAYS_SEARCH_USER_PATHS = NO;
				CLANG_ANALYZER_NONNULL = YES;
				CLANG_ANALYZER_NUMBER_OBJECT_CONVERSION = YES_AGGRESSIVE;
				CLANG_CXX_LANGUAGE_STANDARD = "gnu++0x";
				CLANG_CXX_LIBRARY = "libc++";
				CLANG_ENABLE_MODULES = YES;
				CLANG_ENABLE_OBJC_ARC = YES;
				CLANG_WARN_BOOL_CONVERSION = YES;
				CLANG_WARN_CONSTANT_CONVERSION = YES;
				CLANG_WARN_DIRECT_OBJC_ISA_USAGE = YES_ERROR;
				CLANG_WARN_DOCUMENTATION_COMMENTS = YES;
				CLANG_WARN_EMPTY_BODY = YES;
				CLANG_WARN_ENUM_CONVERSION = YES;
				CLANG_WARN_INFINITE_RECURSION = YES;
				CLANG_WARN_INT_CONVERSION = YES;
				CLANG_WARN_OBJC_ROOT_CLASS = YES_ERROR;
				CLANG_WARN_SUSPICIOUS_MOVE = YES;
				CLANG_WARN_UNREACHABLE_CODE = YES;
				CLANG_WARN__DUPLICATE_METHOD_MATCH = YES;
				CODE_SIGN_IDENTITY = "-";
				COPY_PHASE_STRIP = NO;
				DEBUG_INFORMATION_FORMAT = dwarf;
				ENABLE_STRICT_OBJC_MSGSEND = YES;
				ENABLE_TESTABILITY = YES;
				GCC_C_LANGUAGE_STANDARD = gnu99;
				GCC_DYNAMIC_NO_PIC = NO;
				GCC_NO_COMMON_BLOCKS = YES;
				GCC_OPTIMIZATION_LEVEL = 0;
				GCC_PREPROCESSOR_DEFINITIONS = (
					"DEBUG=1",
					"$(inherited)",
				);
				GCC_WARN_64_TO_32_BIT_CONVERSION = YES;
				GCC_WARN_ABOUT_RETURN_TYPE = YES_ERROR;
				GCC_WARN_UNDECLARED_SELECTOR = YES;
				GCC_WARN_UNINITIALIZED_AUTOS = YES_AGGRESSIVE;
				GCC_WARN_UNUSED_FUNCTION = YES;
				GCC_WARN_UNUSED_VARIABLE = YES;
				MACOSX_DEPLOYMENT_TARGET = 10.12;
				MTL_ENABLE_DEBUG_INFO = YES;
				ONLY_ACTIVE_ARCH = YES;
				SDKROOT = macosx;
			};
			name = Debug;
		};
		68227EF21F690F4C0051B2FE /* Release */ = {
			isa = XCBuildConfiguration;
			buildSettings = {
				ALWAYS_SEARCH_USER_PATHS = NO;
				CLANG_ANALYZER_NONNULL = YES;
				CLANG_ANALYZER_NUMBER_OBJECT_CONVERSION = YES_AGGRESSIVE;
				CLANG_CXX_LANGUAGE_STANDARD = "gnu++0x";
				CLANG_CXX_LIBRARY = "libc++";
				CLANG_ENABLE_MODULES = YES;
				CLANG_ENABLE_OBJC_ARC = YES;
				CLANG_WARN_BOOL_CONVERSION = YES;
				CLANG_WARN_CONSTANT_CONVERSION = YES;
				CLANG_WARN_DIRECT_OBJC_ISA_USAGE = YES_ERROR;
				CLANG_WARN_DOCUMENTATION_COMMENTS = YES;
				CLANG_WARN_EMPTY_BODY = YES;
				CLANG_WARN_ENUM_CONVERSION = YES;
				CLANG_WARN_INFINITE_RECURSION = YES;
				CLANG_WARN_INT_CONVERSION = YES;
				CLANG_WARN_OBJC_ROOT_CLASS = YES_ERROR;
				CLANG_WARN_SUSPICIOUS_MOVE = YES;
				CLANG_WARN_UNREACHABLE_CODE = YES;
				CLANG_WARN__DUPLICATE_METHOD_MATCH = YES;
				CODE_SIGN_IDENTITY = "-";
				COPY_PHASE_STRIP = NO;
				DEBUG_INFORMATION_FORMAT = "dwarf-with-dsym";
				ENABLE_NS_ASSERTIONS = NO;
				ENABLE_STRICT_OBJC_MSGSEND = YES;
				GCC_C_LANGUAGE_STANDARD = gnu99;
				GCC_NO_COMMON_BLOCKS = YES;
				GCC_WARN_64_TO_32_BIT_CONVERSION = YES;
				GCC_WARN_ABOUT_RETURN_TYPE = YES_ERROR;
				GCC_WARN_UNDECLARED_SELECTOR = YES;
				GCC_WARN_UNINITIALIZED_AUTOS = YES_AGGRESSIVE;
				GCC_WARN_UNUSED_FUNCTION = YES;
				GCC_WARN_UNUSED_VARIABLE = YES;
				MACOSX_DEPLOYMENT_TARGET = 10.12;
				MTL_ENABLE_DEBUG_INFO = NO;
				SDKROOT = macosx;
			};
			name = Release;
		};
		68227EF41F690F4C0051B2FE /* Debug */ = {
			isa = XCBuildConfiguration;
			buildSettings = {
				HEADER_SEARCH_PATHS = (
					/usr/local/Cellar/miniupnpc/2.0.20170509/include,
					/usr/local/Cellar/boost/1.65.1/include,
				);
				PRODUCT_NAME = "$(TARGET_NAME)";
			};
			name = Debug;
		};
		68227EF51F690F4C0051B2FE /* Release */ = {
			isa = XCBuildConfiguration;
			buildSettings = {
				HEADER_SEARCH_PATHS = (
					/usr/local/Cellar/miniupnpc/2.0.20170509/include,
					/usr/local/Cellar/boost/1.65.1/include,
				);
				PRODUCT_NAME = "$(TARGET_NAME)";
			};
			name = Release;
		};
/* End XCBuildConfiguration section */

/* Begin XCConfigurationList section */
		68227EE71F690F4C0051B2FE /* Build configuration list for PBXProject "c++coin" */ = {
			isa = XCConfigurationList;
			buildConfigurations = (
				68227EF11F690F4C0051B2FE /* Debug */,
				68227EF21F690F4C0051B2FE /* Release */,
			);
			defaultConfigurationIsVisible = 0;
			defaultConfigurationName = Release;
		};
		68227EF31F690F4C0051B2FE /* Build configuration list for PBXNativeTarget "c++coin" */ = {
			isa = XCConfigurationList;
			buildConfigurations = (
				68227EF41F690F4C0051B2FE /* Debug */,
				68227EF51F690F4C0051B2FE /* Release */,
			);
			defaultConfigurationIsVisible = 0;
			defaultConfigurationName = Release;
		};
/* End XCConfigurationList section */
	};
	rootObject = 68227EE41F690F4C0051B2FE /* Project object */;
}
